
Microsoft Visual Studio Solution File, Format Version 12.00
# Visual Studio Version 16
VisualStudioVersion = 16.0.29806.167
MinimumVisualStudioVersion = 10.0.40219.1
Project("{FAE04EC0-301F-11D3-BF4B-00C04F79EFBC}") = "ImageProcessingApplication", "ImageProcessingApplication.csproj", "{56BB2DAD-828D-4517-8CC3-A710FA45DC64}"
EndProject
Project("{FAE04EC0-301F-11D3-BF4B-00C04F79EFBC}") = "ImageProcessingApplicationTests", "..\ImageProcessingApplicationTests\ImageProcessingApplicationTests.csproj", "{3AE4304C-047A-4402-88A5-41D4602C1378}"
EndProject
Project("{FAE04EC0-301F-11D3-BF4B-00C04F79EFBC}") = "ImageProcessing", "..\ImageProcessingLibrary\ImageProcessing.csproj", "{2F7E9F80-6A82-4E94-AD70-235DC07DDED9}"
EndProject
Global
	GlobalSection(SolutionConfigurationPlatforms) = preSolution
		Debug|Any CPU = Debug|Any CPU
		Release|Any CPU = Release|Any CPU
	EndGlobalSection
	GlobalSection(ProjectConfigurationPlatforms) = postSolution
		{56BB2DAD-828D-4517-8CC3-A710FA45DC64}.Debug|Any CPU.ActiveCfg = Debug|Any CPU
		{56BB2DAD-828D-4517-8CC3-A710FA45DC64}.Debug|Any CPU.Build.0 = Debug|Any CPU
		{56BB2DAD-828D-4517-8CC3-A710FA45DC64}.Release|Any CPU.ActiveCfg = Release|Any CPU
		{56BB2DAD-828D-4517-8CC3-A710FA45DC64}.Release|Any CPU.Build.0 = Release|Any CPU
		{3AE4304C-047A-4402-88A5-41D4602C1378}.Debug|Any CPU.ActiveCfg = Debug|Any CPU
		{3AE4304C-047A-4402-88A5-41D4602C1378}.Debug|Any CPU.Build.0 = Debug|Any CPU
		{3AE4304C-047A-4402-88A5-41D4602C1378}.Release|Any CPU.ActiveCfg = Release|Any CPU
		{3AE4304C-047A-4402-88A5-41D4602C1378}.Release|Any CPU.Build.0 = Release|Any CPU
		{2F7E9F80-6A82-4E94-AD70-235DC07DDED9}.Debug|Any CPU.ActiveCfg = Debug|Any CPU
		{2F7E9F80-6A82-4E94-AD70-235DC07DDED9}.Debug|Any CPU.Build.0 = Debug|Any CPU
		{2F7E9F80-6A82-4E94-AD70-235DC07DDED9}.Release|Any CPU.ActiveCfg = Release|Any CPU
		{2F7E9F80-6A82-4E94-AD70-235DC07DDED9}.Release|Any CPU.Build.0 = Release|Any CPU
	EndGlobalSection
	GlobalSection(SolutionProperties) = preSolution
		HideSolutionNode = FALSE
	EndGlobalSection
	GlobalSection(ExtensibilityGlobals) = postSolution
		SolutionGuid = {4D84F334-1153-4342-A0CB-18D3A747FCDF}
	EndGlobalSection
EndGlobal
